// !$*UTF8*$!
{
	archiveVersion = 1;
	classes = {
	};
	objectVersion = 77;
	objects = {

/* Begin PBXBuildFile section */
		1800B5FF299C12872F230716 /* TodoItem.swift in Sources */ = {isa = PBXBuildFile; fileRef = 92FF8CC523B76654477457B1 /* TodoItem.swift */; };
		8A62321EC88E7298718FB293 /* TodoStoreTests.swift in Sources */ = {isa = PBXBuildFile; fileRef = 8658C3E23E55F99C0C6BC4CE /* TodoStoreTests.swift */; };
		B2A387FEBE6931F9429D7401 /* TodoListApp.swift in Sources */ = {isa = PBXBuildFile; fileRef = C433D51D2477849180EAA44E /* TodoListApp.swift */; };
		B3377F0D4E2AEE656D0E0BB1 /* Assets.xcassets in Resources */ = {isa = PBXBuildFile; fileRef = 23A6BB4CC0A880457DB7DFDF /* Assets.xcassets */; };
		C6B48B987CBAC2BF0ECEDB62 /* ContentView.swift in Sources */ = {isa = PBXBuildFile; fileRef = 4C4800EC1EDEFF31BEBB0C1E /* ContentView.swift */; };
		ECF4DA556BFE959D36400267 /* TodoStore.swift in Sources */ = {isa = PBXBuildFile; fileRef = BBA0159BE06095A023EE93AC /* TodoStore.swift */; };
/* End PBXBuildFile section */

/* Begin PBXContainerItemProxy section */
		E7DDDEC8400ACB91B9AA61F6 /* PBXContainerItemProxy */ = {
			isa = PBXContainerItemProxy;
			containerPortal = CE603020A3A7FB27B6C92B60 /* Project object */;
			proxyType = 1;
			remoteGlobalIDString = AEC546A4D2B2BCF032EBAD3B;
			remoteInfo = TodoList;
		};
/* End PBXContainerItemProxy section */

/* Begin PBXFileReference section */
		02EC6AE4B9AEAFB9B68C1855 /* TodoListTests.xctest */ = {isa = PBXFileReference; includeInIndex = 0; lastKnownFileType = wrapper.cfbundle; path = TodoListTests.xctest; sourceTree = BUILT_PRODUCTS_DIR; };
		23A6BB4CC0A880457DB7DFDF /* Assets.xcassets */ = {isa = PBXFileReference; lastKnownFileType = folder.assetcatalog; path = Assets.xcassets; sourceTree = "<group>"; };
		48BBAB5C032545F9AA3F37ED /* Info.plist */ = {isa = PBXFileReference; lastKnownFileType = text.plist; path = Info.plist; sourceTree = "<group>"; };
		4C4800EC1EDEFF31BEBB0C1E /* ContentView.swift */ = {isa = PBXFileReference; lastKnownFileType = sourcecode.swift; path = ContentView.swift; sourceTree = "<group>"; };
		8658C3E23E55F99C0C6BC4CE /* TodoStoreTests.swift */ = {isa = PBXFileReference; lastKnownFileType = sourcecode.swift; path = TodoStoreTests.swift; sourceTree = "<group>"; };
		92FF8CC523B76654477457B1 /* TodoItem.swift */ = {isa = PBXFileReference; lastKnownFileType = sourcecode.swift; path = TodoItem.swift; sourceTree = "<group>"; };
		9613FA71B6A3CAD5E8423EA7 /* TodoList.app */ = {isa = PBXFileReference; includeInIndex = 0; lastKnownFileType = wrapper.application; path = TodoList.app; sourceTree = BUILT_PRODUCTS_DIR; };
		BBA0159BE06095A023EE93AC /* TodoStore.swift */ = {isa = PBXFileReference; lastKnownFileType = sourcecode.swift; path = TodoStore.swift; sourceTree = "<group>"; };
		C433D51D2477849180EAA44E /* TodoListApp.swift */ = {isa = PBXFileReference; lastKnownFileType = sourcecode.swift; path = TodoListApp.swift; sourceTree = "<group>"; };
/* End PBXFileReference section */

/* Begin PBXGroup section */
		13C166852BA4B05F1085CCAC /* Resources */ = {
			isa = PBXGroup;
			children = (
				23A6BB4CC0A880457DB7DFDF /* Assets.xcassets */,
			);
			path = Resources;
			sourceTree = "<group>";
		};
		2862FC6E3A2467924BF07251 /* Products */ = {
			isa = PBXGroup;
			children = (
				9613FA71B6A3CAD5E8423EA7 /* TodoList.app */,
				02EC6AE4B9AEAFB9B68C1855 /* TodoListTests.xctest */,
			);
			name = Products;
			sourceTree = "<group>";
		};
		31C0452505FD850045EE44E7 = {
			isa = PBXGroup;
			children = (
				9BEEC09CDF200DE296BFD44F /* TodoList */,
				A924091558E16BFBA783B3A4 /* TodoListTests */,
				2862FC6E3A2467924BF07251 /* Products */,
			);
			sourceTree = "<group>";
		};
		32D09B44703E7731148E7BE1 /* Models */ = {
			isa = PBXGroup;
			children = (
				92FF8CC523B76654477457B1 /* TodoItem.swift */,
				BBA0159BE06095A023EE93AC /* TodoStore.swift */,
			);
			path = Models;
			sourceTree = "<group>";
		};
		5D74B07A12EFD363B7FEC327 /* App */ = {
			isa = PBXGroup;
			children = (
				C433D51D2477849180EAA44E /* TodoListApp.swift */,
			);
			path = App;
			sourceTree = "<group>";
		};
		9BEEC09CDF200DE296BFD44F /* TodoList */ = {
			isa = PBXGroup;
			children = (
				48BBAB5C032545F9AA3F37ED /* Info.plist */,
				5D74B07A12EFD363B7FEC327 /* App */,
				32D09B44703E7731148E7BE1 /* Models */,
				13C166852BA4B05F1085CCAC /* Resources */,
				DD5BD7E411D90F5C194D8D64 /* Views */,
			);
			path = TodoList;
			sourceTree = "<group>";
		};
		A924091558E16BFBA783B3A4 /* TodoListTests */ = {
			isa = PBXGroup;
			children = (
				8658C3E23E55F99C0C6BC4CE /* TodoStoreTests.swift */,
			);
			path = TodoListTests;
			sourceTree = "<group>";
		};
		DD5BD7E411D90F5C194D8D64 /* Views */ = {
			isa = PBXGroup;
			children = (
				4C4800EC1EDEFF31BEBB0C1E /* ContentView.swift */,
			);
			path = Views;
			sourceTree = "<group>";
		};
/* End PBXGroup section */

/* Begin PBXNativeTarget section */
		AEC546A4D2B2BCF032EBAD3B /* TodoList */ = {
			isa = PBXNativeTarget;
			buildConfigurationList = DA670E2185CE0A118A983A42 /* Build configuration list for PBXNativeTarget "TodoList" */;
			buildPhases = (
				1C95EA3F040D70A788ED6861 /* Sources */,
				139C160D2AFF4DCC9F45EEAB /* Resources */,
			);
			buildRules = (
			);
			dependencies = (
			);
			name = TodoList;
			packageProductDependencies = (
			);
			productName = TodoList;
			productReference = 9613FA71B6A3CAD5E8423EA7 /* TodoList.app */;
			productType = "com.apple.product-type.application";
		};
		C3F09F1D51B3C5C998726B41 /* TodoListTests */ = {
			isa = PBXNativeTarget;
			buildConfigurationList = 1C8B47441746A3E77754C8FB /* Build configuration list for PBXNativeTarget "TodoListTests" */;
			buildPhases = (
				04400D5F99B9E229A25992E7 /* Sources */,
			);
			buildRules = (
			);
			dependencies = (
				90D77EE60A1DD3AE26985B35 /* PBXTargetDependency */,
			);
			name = TodoListTests;
			packageProductDependencies = (
			);
			productName = TodoListTests;
			productReference = 02EC6AE4B9AEAFB9B68C1855 /* TodoListTests.xctest */;
			productType = "com.apple.product-type.bundle.unit-test";
		};
/* End PBXNativeTarget section */

/* Begin PBXProject section */
		CE603020A3A7FB27B6C92B60 /* Project object */ = {
			isa = PBXProject;
			attributes = {
				BuildIndependentTargetsInParallel = YES;
				LastUpgradeCheck = 1430;
				TargetAttributes = {
				};
			};
			buildConfigurationList = 7919F6319AC18E787B075F02 /* Build configuration list for PBXProject "TodoList" */;
			developmentRegion = en;
			hasScannedForEncodings = 0;
			knownRegions = (
				Base,
				en,
			);
			mainGroup = 31C0452505FD850045EE44E7;
			minimizedProjectReferenceProxies = 1;
			preferredProjectObjectVersion = 77;
			productRefGroup = 2862FC6E3A2467924BF07251 /* Products */;
			projectDirPath = "";
			projectRoot = "";
			targets = (
				AEC546A4D2B2BCF032EBAD3B /* TodoList */,
				C3F09F1D51B3C5C998726B41 /* TodoListTests */,
			);
		};
/* End PBXProject section */

/* Begin PBXResourcesBuildPhase section */
		139C160D2AFF4DCC9F45EEAB /* Resources */ = {
			isa = PBXResourcesBuildPhase;
			buildActionMask = 2147483647;
			files = (
				B3377F0D4E2AEE656D0E0BB1 /* Assets.xcassets in Resources */,
			);
			runOnlyForDeploymentPostprocessing = 0;
		};
/* End PBXResourcesBuildPhase section */

/* Begin PBXSourcesBuildPhase section */
		04400D5F99B9E229A25992E7 /* Sources */ = {
			isa = PBXSourcesBuildPhase;
			buildActionMask = 2147483647;
			files = (
				8A62321EC88E7298718FB293 /* TodoStoreTests.swift in Sources */,
			);
			runOnlyForDeploymentPostprocessing = 0;
		};
		1C95EA3F040D70A788ED6861 /* Sources */ = {
			isa = PBXSourcesBuildPhase;
			buildActionMask = 2147483647;
			files = (
				C6B48B987CBAC2BF0ECEDB62 /* ContentView.swift in Sources */,
				1800B5FF299C12872F230716 /* TodoItem.swift in Sources */,
				B2A387FEBE6931F9429D7401 /* TodoListApp.swift in Sources */,
				ECF4DA556BFE959D36400267 /* TodoStore.swift in Sources */,
			);
			runOnlyForDeploymentPostprocessing = 0;
		};
/* End PBXSourcesBuildPhase section */

/* Begin PBXTargetDependency section */
		90D77EE60A1DD3AE26985B35 /* PBXTargetDependency */ = {
			isa = PBXTargetDependency;
			target = AEC546A4D2B2BCF032EBAD3B /* TodoList */;
			targetProxy = E7DDDEC8400ACB91B9AA61F6 /* PBXContainerItemProxy */;
		};
/* End PBXTargetDependency section */

/* Begin XCBuildConfiguration section */
		117BEDCE60472B6B1B8E9F7F /* Debug */ = {
			isa = XCBuildConfiguration;
			buildSettings = {
				BUNDLE_LOADER = "$(TEST_HOST)";
				GENERATE_INFOPLIST_FILE = YES;
				LD_RUNPATH_SEARCH_PATHS = (
					"$(inherited)",
					"@executable_path/Frameworks",
					"@loader_path/Frameworks",
				);
				PRODUCT_BUNDLE_IDENTIFIER = com.rishavjha.larpios.TodoListTests;
				SDKROOT = iphoneos;
				SWIFT_VERSION = 5.0;
				TARGETED_DEVICE_FAMILY = "1,2";
				TEST_HOST = "$(BUILT_PRODUCTS_DIR)/TodoList.app/TodoList";
			};
			name = Debug;
		};
		3A8A80BABE9C6AC1AE39E6DB /* Debug */ = {
			isa = XCBuildConfiguration;
			buildSettings = {
				ASSETCATALOG_COMPILER_APPICON_NAME = AppIcon;
				ASSETCATALOG_COMPILER_GLOBAL_ACCENT_COLOR_NAME = AccentColor;
				CODE_SIGN_IDENTITY = "iPhone Developer";
				INFOPLIST_FILE = TodoList/Info.plist;
				LD_RUNPATH_SEARCH_PATHS = (
					"$(inherited)",
					"@executable_path/Frameworks",
				);
				PRODUCT_BUNDLE_IDENTIFIER = com.rishavjha.larpios.todolist;
				SDKROOT = iphoneos;
				SWIFT_VERSION = 5.0;
				TARGETED_DEVICE_FAMILY = "1,2";
			};
			name = Debug;
		};
		44D2333BDCBBE155077078BF /* Release */ = {
			isa = XCBuildConfiguration;
			buildSettings = {
				BUNDLE_LOADER = "$(TEST_HOST)";
				GENERATE_INFOPLIST_FILE = YES;
				LD_RUNPATH_SEARCH_PATHS = (
					"$(inherited)",
					"@executable_path/Frameworks",
					"@loader_path/Frameworks",
				);
				PRODUCT_BUNDLE_IDENTIFIER = com.rishavjha.larpios.TodoListTests;
				SDKROOT = iphoneos;
				SWIFT_VERSION = 5.0;
				TARGETED_DEVICE_FAMILY = "1,2";
				TEST_HOST = "$(BUILT_PRODUCTS_DIR)/TodoList.app/TodoList";
			};
			name = Release;
		};
		8BC66115358F27485FA82E55 /* Release */ = {
			isa = XCBuildConfiguration;
			buildSettings = {
				ASSETCATALOG_COMPILER_APPICON_NAME = AppIcon;
				ASSETCATALOG_COMPILER_GLOBAL_ACCENT_COLOR_NAME = AccentColor;
				CODE_SIGN_IDENTITY = "iPhone Developer";
				INFOPLIST_FILE = TodoList/Info.plist;
				LD_RUNPATH_SEARCH_PATHS = (
					"$(inherited)",
					"@executable_path/Frameworks",
				);
				PRODUCT_BUNDLE_IDENTIFIER = com.rishavjha.larpios.todolist;
				SDKROOT = iphoneos;
				SWIFT_VERSION = 5.0;
				TARGETED_DEVICE_FAMILY = "1,2";
			};
			name = Release;
		};
		B92F771EC3AE4C3269243AD2 /* Release */ = {
			isa = XCBuildConfiguration;
			buildSettings = {
				ALWAYS_SEARCH_USER_PATHS = NO;
				CLANG_ANALYZER_NONNULL = YES;
				CLANG_ANALYZER_NUMBER_OBJECT_CONVERSION = YES_AGGRESSIVE;
				CLANG_CXX_LANGUAGE_STANDARD = "gnu++14";
				CLANG_CXX_LIBRARY = "libc++";
				CLANG_ENABLE_MODULES = YES;
				CLANG_ENABLE_OBJC_ARC = YES;
				CLANG_ENABLE_OBJC_WEAK = YES;
				CLANG_WARN_BLOCK_CAPTURE_AUTORELEASING = YES;
				CLANG_WARN_BOOL_CONVERSION = YES;
				CLANG_WARN_COMMA = YES;
				CLANG_WARN_CONSTANT_CONVERSION = YES;
				CLANG_WARN_DEPRECATED_OBJC_IMPLEMENTATIONS = YES;
				CLANG_WARN_DIRECT_OBJC_ISA_USAGE = YES_ERROR;
				CLANG_WARN_DOCUMENTATION_COMMENTS = YES;
				CLANG_WARN_EMPTY_BODY = YES;
				CLANG_WARN_ENUM_CONVERSION = YES;
				CLANG_WARN_INFINITE_RECURSION = YES;
				CLANG_WARN_INT_CONVERSION = YES;
				CLANG_WARN_NON_LITERAL_NULL_CONVERSION = YES;
				CLANG_WARN_OBJC_IMPLICIT_RETAIN_SELF = YES;
				CLANG_WARN_OBJC_LITERAL_CONVERSION = YES;
				CLANG_WARN_OBJC_ROOT_CLASS = YES_ERROR;
				CLANG_WARN_QUOTED_INCLUDE_IN_FRAMEWORK_HEADER = YES;
				CLANG_WARN_RANGE_LOOP_ANALYSIS = YES;
				CLANG_WARN_STRICT_PROTOTYPES = YES;
				CLANG_WARN_SUSPICIOUS_MOVE = YES;
				CLANG_WARN_UNGUARDED_AVAILABILITY = YES_AGGRESSIVE;
				CLANG_WARN_UNREACHABLE_CODE = YES;
				CLANG_WARN__DUPLICATE_METHOD_MATCH = YES;
				COPY_PHASE_STRIP = NO;
				DEBUG_INFORMATION_FORMAT = "dwarf-with-dsym";
				ENABLE_NS_ASSERTIONS = NO;
				ENABLE_STRICT_OBJC_MSGSEND = YES;
				GCC_C_LANGUAGE_STANDARD = gnu11;
				GCC_NO_COMMON_BLOCKS = YES;
				GCC_WARN_64_TO_32_BIT_CONVERSION = YES;
				GCC_WARN_ABOUT_RETURN_TYPE = YES_ERROR;
				GCC_WARN_UNDECLARED_SELECTOR = YES;
				GCC_WARN_UNINITIALIZED_AUTOS = YES_AGGRESSIVE;
				GCC_WARN_UNUSED_FUNCTION = YES;
				GCC_WARN_UNUSED_VARIABLE = YES;
				IPHONEOS_DEPLOYMENT_TARGET = 17.0;
				MTL_ENABLE_DEBUG_INFO = NO;
				MTL_FAST_MATH = YES;
				PRODUCT_NAME = "$(TARGET_NAME)";
				SDKROOT = iphoneos;
				SWIFT_COMPILATION_MODE = wholemodule;
				SWIFT_OPTIMIZATION_LEVEL = "-O";
				SWIFT_VERSION = 5.0;
			};
			name = Release;
		};
		F0F8D530408AE621A9750A7D /* Debug */ = {
			isa = XCBuildConfiguration;
			buildSettings = {
				ALWAYS_SEARCH_USER_PATHS = NO;
				CLANG_ANALYZER_NONNULL = YES;
				CLANG_ANALYZER_NUMBER_OBJECT_CONVERSION = YES_AGGRESSIVE;
				CLANG_CXX_LANGUAGE_STANDARD = "gnu++14";
				CLANG_CXX_LIBRARY = "libc++";
				CLANG_ENABLE_MODULES = YES;
				CLANG_ENABLE_OBJC_ARC = YES;
				CLANG_ENABLE_OBJC_WEAK = YES;
				CLANG_WARN_BLOCK_CAPTURE_AUTORELEASING = YES;
				CLANG_WARN_BOOL_CONVERSION = YES;
				CLANG_WARN_COMMA = YES;
				CLANG_WARN_CONSTANT_CONVERSION = YES;
				CLANG_WARN_DEPRECATED_OBJC_IMPLEMENTATIONS = YES;
				CLANG_WARN_DIRECT_OBJC_ISA_USAGE = YES_ERROR;
				CLANG_WARN_DOCUMENTATION_COMMENTS = YES;
				CLANG_WARN_EMPTY_BODY = YES;
				CLANG_WARN_ENUM_CONVERSION = YES;
				CLANG_WARN_INFINITE_RECURSION = YES;
				CLANG_WARN_INT_CONVERSION = YES;
				CLANG_WARN_NON_LITERAL_NULL_CONVERSION = YES;
				CLANG_WARN_OBJC_IMPLICIT_RETAIN_SELF = YES;
				CLANG_WARN_OBJC_LITERAL_CONVERSION = YES;
				CLANG_WARN_OBJC_ROOT_CLASS = YES_ERROR;
				CLANG_WARN_QUOTED_INCLUDE_IN_FRAMEWORK_HEADER = YES;
				CLANG_WARN_RANGE_LOOP_ANALYSIS = YES;
				CLANG_WARN_STRICT_PROTOTYPES = YES;
				CLANG_WARN_SUSPICIOUS_MOVE = YES;
				CLANG_WARN_UNGUARDED_AVAILABILITY = YES_AGGRESSIVE;
				CLANG_WARN_UNREACHABLE_CODE = YES;
				CLANG_WARN__DUPLICATE_METHOD_MATCH = YES;
				COPY_PHASE_STRIP = NO;
				DEBUG_INFORMATION_FORMAT = dwarf;
				ENABLE_STRICT_OBJC_MSGSEND = YES;
				ENABLE_TESTABILITY = YES;
				GCC_C_LANGUAGE_STANDARD = gnu11;
				GCC_DYNAMIC_NO_PIC = NO;
				GCC_NO_COMMON_BLOCKS = YES;
				GCC_OPTIMIZATION_LEVEL = 0;
				GCC_PREPROCESSOR_DEFINITIONS = (
					"$(inherited)",
					"DEBUG=1",
				);
				GCC_WARN_64_TO_32_BIT_CONVERSION = YES;
				GCC_WARN_ABOUT_RETURN_TYPE = YES_ERROR;
				GCC_WARN_UNDECLARED_SELECTOR = YES;
				GCC_WARN_UNINITIALIZED_AUTOS = YES_AGGRESSIVE;
				GCC_WARN_UNUSED_FUNCTION = YES;
				GCC_WARN_UNUSED_VARIABLE = YES;
				IPHONEOS_DEPLOYMENT_TARGET = 17.0;
				MTL_ENABLE_DEBUG_INFO = INCLUDE_SOURCE;
				MTL_FAST_MATH = YES;
				ONLY_ACTIVE_ARCH = YES;
				PRODUCT_NAME = "$(TARGET_NAME)";
				SDKROOT = iphoneos;
				SWIFT_ACTIVE_COMPILATION_CONDITIONS = DEBUG;
				SWIFT_OPTIMIZATION_LEVEL = "-Onone";
				SWIFT_VERSION = 5.0;
			};
			name = Debug;
		};
/* End XCBuildConfiguration section */

/* Begin XCConfigurationList section */
		1C8B47441746A3E77754C8FB /* Build configuration list for PBXNativeTarget "TodoListTests" */ = {
			isa = XCConfigurationList;
			buildConfigurations = (
				117BEDCE60472B6B1B8E9F7F /* Debug */,
				44D2333BDCBBE155077078BF /* Release */,
			);
			defaultConfigurationIsVisible = 0;
			defaultConfigurationName = Debug;
		};
		7919F6319AC18E787B075F02 /* Build configuration list for PBXProject "TodoList" */ = {
			isa = XCConfigurationList;
			buildConfigurations = (
				F0F8D530408AE621A9750A7D /* Debug */,
				B92F771EC3AE4C3269243AD2 /* Release */,
			);
			defaultConfigurationIsVisible = 0;
			defaultConfigurationName = Debug;
		};
		DA670E2185CE0A118A983A42 /* Build configuration list for PBXNativeTarget "TodoList" */ = {
			isa = XCConfigurationList;
			buildConfigurations = (
				3A8A80BABE9C6AC1AE39E6DB /* Debug */,
				8BC66115358F27485FA82E55 /* Release */,
			);
			defaultConfigurationIsVisible = 0;
			defaultConfigurationName = Debug;
		};
/* End XCConfigurationList section */
	};
	rootObject = CE603020A3A7FB27B6C92B60 /* Project object */;
}
